{
  "name": "lorcana-to-cockatrice",
  "version": "1.0.0",
  "lockfileVersion": 3,
  "requires": true,
  "packages": {
    "": {
      "name": "lorcana-to-cockatrice",
      "version": "1.0.0",
      "license": "ISC",
      "dependencies": {
        "jstoxml": "^5.0.1"
      }
    },
    "node_modules/jstoxml": {
      "version": "5.0.1",
      "resolved": "https://registry.npmjs.org/jstoxml/-/jstoxml-5.0.1.tgz",
      "integrity": "sha512-90mR0XwLzdbRr06IGsEf67Apac2ImjRbfWTVBYP7juSnnXHlW6H70b9sHGnIn5QEvXZvXxi6IXIoflzmMlRV5A=="
    }
  }
}
